
Microsoft Visual Studio Solution File, Format Version 12.00
# Visual Studio 15
VisualStudioVersion = 15.0.28010.2046
MinimumVisualStudioVersion = 10.0.40219.1
Project("{FAE04EC0-301F-11D3-BF4B-00C04F79EFBC}") = "Wakek", "Wakek.csproj", "{1B18E81C-9CC5-4122-A6AF-3E44449644E1}"
EndProject
Project("{FAE04EC0-301F-11D3-BF4B-00C04F79EFBC}") = "Wakek.Interfaces", "Interfaces\Wakek.Interfaces.csproj", "{D23E3D46-E370-403B-80C2-0C58B746A9B7}"
EndProject
Project("{FAE04EC0-301F-11D3-BF4B-00C04F79EFBC}") = "Wakek.Entities", "Entities\Wakek.Entities.csproj", "{813922F8-36F5-4CD0-8384-58478BF5A869}"
EndProject
Project("{FAE04EC0-301F-11D3-BF4B-00C04F79EFBC}") = "Wakek.Test", "Test\Wakek.Test.csproj", "{B650CBBF-5B85-45AC-AFE2-46AE3D71C0C6}"
EndProject
Project("{FAE04EC0-301F-11D3-BF4B-00C04F79EFBC}") = "Wakek.Application", "Application\Wakek.Application.csproj", "{60A6EEAE-C66A-4E39-9590-63233367AE3D}"
EndProject
Global
	GlobalSection(SolutionConfigurationPlatforms) = preSolution
		Debug|Any CPU = Debug|Any CPU
		Release|Any CPU = Release|Any CPU
	EndGlobalSection
	GlobalSection(ProjectConfigurationPlatforms) = postSolution
		{1B18E81C-9CC5-4122-A6AF-3E44449644E1}.Debug|Any CPU.ActiveCfg = Debug|Any CPU
		{1B18E81C-9CC5-4122-A6AF-3E44449644E1}.Debug|Any CPU.Build.0 = Debug|Any CPU
		{1B18E81C-9CC5-4122-A6AF-3E44449644E1}.Release|Any CPU.ActiveCfg = Release|Any CPU
		{1B18E81C-9CC5-4122-A6AF-3E44449644E1}.Release|Any CPU.Build.0 = Release|Any CPU
		{D23E3D46-E370-403B-80C2-0C58B746A9B7}.Debug|Any CPU.ActiveCfg = Debug|Any CPU
		{D23E3D46-E370-403B-80C2-0C58B746A9B7}.Debug|Any CPU.Build.0 = Debug|Any CPU
		{D23E3D46-E370-403B-80C2-0C58B746A9B7}.Release|Any CPU.ActiveCfg = Release|Any CPU
		{D23E3D46-E370-403B-80C2-0C58B746A9B7}.Release|Any CPU.Build.0 = Release|Any CPU
		{813922F8-36F5-4CD0-8384-58478BF5A869}.Debug|Any CPU.ActiveCfg = Debug|Any CPU
		{813922F8-36F5-4CD0-8384-58478BF5A869}.Debug|Any CPU.Build.0 = Debug|Any CPU
		{813922F8-36F5-4CD0-8384-58478BF5A869}.Release|Any CPU.ActiveCfg = Release|Any CPU
		{813922F8-36F5-4CD0-8384-58478BF5A869}.Release|Any CPU.Build.0 = Release|Any CPU
		{B650CBBF-5B85-45AC-AFE2-46AE3D71C0C6}.Debug|Any CPU.ActiveCfg = Debug|Any CPU
		{B650CBBF-5B85-45AC-AFE2-46AE3D71C0C6}.Debug|Any CPU.Build.0 = Debug|Any CPU
		{B650CBBF-5B85-45AC-AFE2-46AE3D71C0C6}.Release|Any CPU.ActiveCfg = Release|Any CPU
		{B650CBBF-5B85-45AC-AFE2-46AE3D71C0C6}.Release|Any CPU.Build.0 = Release|Any CPU
		{60A6EEAE-C66A-4E39-9590-63233367AE3D}.Debug|Any CPU.ActiveCfg = Debug|Any CPU
		{60A6EEAE-C66A-4E39-9590-63233367AE3D}.Debug|Any CPU.Build.0 = Debug|Any CPU
		{60A6EEAE-C66A-4E39-9590-63233367AE3D}.Release|Any CPU.ActiveCfg = Release|Any CPU
		{60A6EEAE-C66A-4E39-9590-63233367AE3D}.Release|Any CPU.Build.0 = Release|Any CPU
	EndGlobalSection
	GlobalSection(SolutionProperties) = preSolution
		HideSolutionNode = FALSE
	EndGlobalSection
	GlobalSection(ExtensibilityGlobals) = postSolution
		SolutionGuid = {107BDA4A-DC56-4071-A436-DF1851582AC9}
	EndGlobalSection
EndGlobal
