
Microsoft Visual Studio Solution File, Format Version 12.00
# Visual Studio Version 16
VisualStudioVersion = 16.0.29411.108
MinimumVisualStudioVersion = 10.0.40219.1
Project("{9A19103F-16F7-4668-BE54-9A1E7A4F7556}") = "Wakek", "Wakek.csproj", "{9EAFEB3E-AC9E-4CD8-8F85-5D3A8318CC07}"
EndProject
Project("{FAE04EC0-301F-11D3-BF4B-00C04F79EFBC}") = "Wakek.Test", "Test\Wakek.Test.csproj", "{4AD4F981-C48A-4EDB-90CE-A0AB5E926D03}"
EndProject
Global
	GlobalSection(SolutionConfigurationPlatforms) = preSolution
		Debug|Any CPU = Debug|Any CPU
		Release|Any CPU = Release|Any CPU
	EndGlobalSection
	GlobalSection(ProjectConfigurationPlatforms) = postSolution
		{9EAFEB3E-AC9E-4CD8-8F85-5D3A8318CC07}.Debug|Any CPU.ActiveCfg = Debug|Any CPU
		{9EAFEB3E-AC9E-4CD8-8F85-5D3A8318CC07}.Debug|Any CPU.Build.0 = Debug|Any CPU
		{9EAFEB3E-AC9E-4CD8-8F85-5D3A8318CC07}.Release|Any CPU.ActiveCfg = Release|Any CPU
		{9EAFEB3E-AC9E-4CD8-8F85-5D3A8318CC07}.Release|Any CPU.Build.0 = Release|Any CPU
		{4AD4F981-C48A-4EDB-90CE-A0AB5E926D03}.Debug|Any CPU.ActiveCfg = Debug|Any CPU
		{4AD4F981-C48A-4EDB-90CE-A0AB5E926D03}.Debug|Any CPU.Build.0 = Debug|Any CPU
		{4AD4F981-C48A-4EDB-90CE-A0AB5E926D03}.Release|Any CPU.ActiveCfg = Release|Any CPU
		{4AD4F981-C48A-4EDB-90CE-A0AB5E926D03}.Release|Any CPU.Build.0 = Release|Any CPU
	EndGlobalSection
	GlobalSection(SolutionProperties) = preSolution
		HideSolutionNode = FALSE
	EndGlobalSection
	GlobalSection(ExtensibilityGlobals) = postSolution
		SolutionGuid = {107BDA4A-DC56-4071-A436-DF1851582AC9}
	EndGlobalSection
EndGlobal
